
Microsoft Visual Studio Solution File, Format Version 12.00
# Visual Studio Version 17
VisualStudioVersion = 17.9.34714.143
MinimumVisualStudioVersion = 10.0.40219.1
Project("{9A19103F-16F7-4668-BE54-9A1E7A4F7556}") = "BlazorClinic", "BlazorClinic\BlazorClinic.csproj", "{7D357A48-9776-4EDA-AB80-9AB31496E5C5}"
EndProject
Project("{9A19103F-16F7-4668-BE54-9A1E7A4F7556}") = "ClinicData", "ClinicData\ClinicData.csproj", "{9B9A51FD-E67A-4318-876E-658FD46A6E73}"
EndProject
Project("{9A19103F-16F7-4668-BE54-9A1E7A4F7556}") = "ClinicBusiness", "ClinicBusiness\ClinicBusiness.csproj", "{2098FD5B-4944-4DA7-ABCF-A41B02D537AB}"
EndProject
Global
	GlobalSection(SolutionConfigurationPlatforms) = preSolution
		Debug|Any CPU = Debug|Any CPU
		Release|Any CPU = Release|Any CPU
	EndGlobalSection
	GlobalSection(ProjectConfigurationPlatforms) = postSolution
		{7D357A48-9776-4EDA-AB80-9AB31496E5C5}.Debug|Any CPU.ActiveCfg = Debug|Any CPU
		{7D357A48-9776-4EDA-AB80-9AB31496E5C5}.Debug|Any CPU.Build.0 = Debug|Any CPU
		{7D357A48-9776-4EDA-AB80-9AB31496E5C5}.Release|Any CPU.ActiveCfg = Release|Any CPU
		{7D357A48-9776-4EDA-AB80-9AB31496E5C5}.Release|Any CPU.Build.0 = Release|Any CPU
		{9B9A51FD-E67A-4318-876E-658FD46A6E73}.Debug|Any CPU.ActiveCfg = Debug|Any CPU
		{9B9A51FD-E67A-4318-876E-658FD46A6E73}.Debug|Any CPU.Build.0 = Debug|Any CPU
		{9B9A51FD-E67A-4318-876E-658FD46A6E73}.Release|Any CPU.ActiveCfg = Release|Any CPU
		{9B9A51FD-E67A-4318-876E-658FD46A6E73}.Release|Any CPU.Build.0 = Release|Any CPU
		{2098FD5B-4944-4DA7-ABCF-A41B02D537AB}.Debug|Any CPU.ActiveCfg = Debug|Any CPU
		{2098FD5B-4944-4DA7-ABCF-A41B02D537AB}.Debug|Any CPU.Build.0 = Debug|Any CPU
		{2098FD5B-4944-4DA7-ABCF-A41B02D537AB}.Release|Any CPU.ActiveCfg = Release|Any CPU
		{2098FD5B-4944-4DA7-ABCF-A41B02D537AB}.Release|Any CPU.Build.0 = Release|Any CPU
	EndGlobalSection
	GlobalSection(SolutionProperties) = preSolution
		HideSolutionNode = FALSE
	EndGlobalSection
	GlobalSection(ExtensibilityGlobals) = postSolution
		SolutionGuid = {57AD1A06-08CC-440A-AF08-88781BCCF168}
	EndGlobalSection
EndGlobal
